Microsoft Visual Studio Solution File, Format Version 12.00
# Visual Studio Version 17
VisualStudioVersion = 17.5.2.0
MinimumVisualStudioVersion = 10.0.40219.1
Project("{FAE04EC0-301F-11D3-BF4B-00C04F79EFBC}") = "MaintenanceSystem", "MaintenanceSystem.csproj", "{0BB169DE-16B1-7E5D-4080-833691D5E78B}"
EndProject
Global
	GlobalSection(SolutionConfigurationPlatforms) = preSolution
		Debug|Any CPU = Debug|Any CPU
		Release|Any CPU = Release|Any CPU
	EndGlobalSection
	GlobalSection(ProjectConfigurationPlatforms) = postSolution
		{0BB169DE-16B1-7E5D-4080-833691D5E78B}.Debug|Any CPU.ActiveCfg = Debug|Any CPU
		{0BB169DE-16B1-7E5D-4080-833691D5E78B}.Debug|Any CPU.Build.0 = Debug|Any CPU
		{0BB169DE-16B1-7E5D-4080-833691D5E78B}.Release|Any CPU.ActiveCfg = Release|Any CPU
		{0BB169DE-16B1-7E5D-4080-833691D5E78B}.Release|Any CPU.Build.0 = Release|Any CPU
	EndGlobalSection
	GlobalSection(SolutionProperties) = preSolution
		HideSolutionNode = FALSE
	EndGlobalSection
	GlobalSection(ExtensibilityGlobals) = postSolution
		SolutionGuid = {068A9101-EA0A-458A-850D-7D07A89228DB}
	EndGlobalSection
EndGlobal
